
Microsoft Visual Studio Solution File, Format Version 12.00
# Visual Studio 15
VisualStudioVersion = 15.0.28307.902
MinimumVisualStudioVersion = 10.0.40219.1
Project("{FAE04EC0-301F-11D3-BF4B-00C04F79EFBC}") = "PHPTours", "PHPTours\PHPTours.csproj", "{1BD9D40F-6C8F-45EF-A1DF-C32BC4953ED5}"
EndProject
Global
	GlobalSection(SolutionConfigurationPlatforms) = preSolution
		Debug|Any CPU = Debug|Any CPU
		Release|Any CPU = Release|Any CPU
	EndGlobalSection
	GlobalSection(ProjectConfigurationPlatforms) = postSolution
		{1BD9D40F-6C8F-45EF-A1DF-C32BC4953ED5}.Debug|Any CPU.ActiveCfg = Debug|Any CPU
		{1BD9D40F-6C8F-45EF-A1DF-C32BC4953ED5}.Debug|Any CPU.Build.0 = Debug|Any CPU
		{1BD9D40F-6C8F-45EF-A1DF-C32BC4953ED5}.Release|Any CPU.ActiveCfg = Release|Any CPU
		{1BD9D40F-6C8F-45EF-A1DF-C32BC4953ED5}.Release|Any CPU.Build.0 = Release|Any CPU
	EndGlobalSection
	GlobalSection(SolutionProperties) = preSolution
		HideSolutionNode = FALSE
	EndGlobalSection
	GlobalSection(ExtensibilityGlobals) = postSolution
		SolutionGuid = {E03DAE00-3360-4864-9059-36F11E75CB7A}
	EndGlobalSection
EndGlobal
